PODS:
  - Alamofire (4.6.0)
  - RTCoreDataStack (4.1.1)
  - SwiftyJSON (4.0.0)

DEPENDENCIES:
  - Alamofire
  - RTCoreDataStack (from `https://github.com/radianttap/RTSwiftCoreDataStack.git`)
  - SwiftyJSON

EXTERNAL SOURCES:
  RTCoreDataStack:
    :git: https://github.com/radianttap/RTSwiftCoreDataStack.git

CHECKOUT OPTIONS:
  RTCoreDataStack:
    :commit: 99b9496ac120951225fdf44731884bda163d81a8
    :git: https://github.com/radianttap/RTSwiftCoreDataStack.git

SPEC CHECKSUMS:
  Alamofire: f41a599bd63041760b26d393ec1069d9d7b917f4
  RTCoreDataStack: 1f6668166daf6ac2098417e1e6b36b4c8c1963af
  SwiftyJSON: 070dabdcb1beb81b247c65ffa3a79dbbfb3b48aa

PODFILE CHECKSUM: cafdb7b85b3c68418140adb19c4eccb6b6b149f7

COCOAPODS: 1.4.0
